
Microsoft Visual Studio Solution File, Format Version 12.00
# Visual Studio 14
VisualStudioVersion = 14.0.25420.1
MinimumVisualStudioVersion = 10.0.40219.1
Project("{FAE04EC0-301F-11D3-BF4B-00C04F79EFBC}") = "SignalR.Sample", "SignalR.Sample\SignalR.Sample.csproj", "{2D415EAE-1FB0-44EA-BCF6-5E4307CA05B8}"
EndProject
Project("{FAE04EC0-301F-11D3-BF4B-00C04F79EFBC}") = "SignalR.Hubs.Sample", "SignalR.Hubs.Sample\SignalR.Hubs.Sample.csproj", "{4FC61C19-A97B-46C0-A543-15B3CEB8F412}"
EndProject
Global
	GlobalSection(SolutionConfigurationPlatforms) = preSolution
		Debug|Any CPU = Debug|Any CPU
		Release|Any CPU = Release|Any CPU
	EndGlobalSection
	GlobalSection(ProjectConfigurationPlatforms) = postSolution
		{2D415EAE-1FB0-44EA-BCF6-5E4307CA05B8}.Debug|Any CPU.ActiveCfg = Debug|Any CPU
		{2D415EAE-1FB0-44EA-BCF6-5E4307CA05B8}.Debug|Any CPU.Build.0 = Debug|Any CPU
		{2D415EAE-1FB0-44EA-BCF6-5E4307CA05B8}.Release|Any CPU.ActiveCfg = Release|Any CPU
		{2D415EAE-1FB0-44EA-BCF6-5E4307CA05B8}.Release|Any CPU.Build.0 = Release|Any CPU
		{4FC61C19-A97B-46C0-A543-15B3CEB8F412}.Debug|Any CPU.ActiveCfg = Debug|Any CPU
		{4FC61C19-A97B-46C0-A543-15B3CEB8F412}.Debug|Any CPU.Build.0 = Debug|Any CPU
		{4FC61C19-A97B-46C0-A543-15B3CEB8F412}.Release|Any CPU.ActiveCfg = Release|Any CPU
		{4FC61C19-A97B-46C0-A543-15B3CEB8F412}.Release|Any CPU.Build.0 = Release|Any CPU
	EndGlobalSection
	GlobalSection(SolutionProperties) = preSolution
		HideSolutionNode = FALSE
	EndGlobalSection
	GlobalSection(ExtensibilityGlobals) = postSolution
		SolutionGuid = {58276A42-29BA-44D3-83B9-1FB15F06CEA0}
	EndGlobalSection
EndGlobal
